
Microsoft Visual Studio Solution File, Format Version 12.00
# Visual Studio 15
VisualStudioVersion = 15.0.27130.2036
MinimumVisualStudioVersion = 10.0.40219.1
Project("{FAE04EC0-301F-11D3-BF4B-00C04F79EFBC}") = "Scenario", "Scenario.csproj", "{A559C7CC-9B15-4752-958A-8BE15DDAA6B7}"
EndProject
Project("{FAE04EC0-301F-11D3-BF4B-00C04F79EFBC}") = "Driver", "..\Driver\Driver.csproj", "{FAEE4274-2EDB-411A-A259-27CFEACD6840}"
EndProject
Project("{FAE04EC0-301F-11D3-BF4B-00C04F79EFBC}") = "Driver.InTarget", "..\Driver.InTarget\Driver.InTarget.csproj", "{1A63BA15-20DF-4729-B928-2EA9090F9568}"
EndProject
Global
	GlobalSection(SolutionConfigurationPlatforms) = preSolution
		Debug|Any CPU = Debug|Any CPU
		Release|Any CPU = Release|Any CPU
	EndGlobalSection
	GlobalSection(ProjectConfigurationPlatforms) = postSolution
		{A559C7CC-9B15-4752-958A-8BE15DDAA6B7}.Debug|Any CPU.ActiveCfg = Debug|Any CPU
		{A559C7CC-9B15-4752-958A-8BE15DDAA6B7}.Debug|Any CPU.Build.0 = Debug|Any CPU
		{A559C7CC-9B15-4752-958A-8BE15DDAA6B7}.Release|Any CPU.ActiveCfg = Release|Any CPU
		{A559C7CC-9B15-4752-958A-8BE15DDAA6B7}.Release|Any CPU.Build.0 = Release|Any CPU
		{FAEE4274-2EDB-411A-A259-27CFEACD6840}.Debug|Any CPU.ActiveCfg = Debug|Any CPU
		{FAEE4274-2EDB-411A-A259-27CFEACD6840}.Debug|Any CPU.Build.0 = Debug|Any CPU
		{FAEE4274-2EDB-411A-A259-27CFEACD6840}.Release|Any CPU.ActiveCfg = Release|Any CPU
		{FAEE4274-2EDB-411A-A259-27CFEACD6840}.Release|Any CPU.Build.0 = Release|Any CPU
		{1A63BA15-20DF-4729-B928-2EA9090F9568}.Debug|Any CPU.ActiveCfg = Debug|Any CPU
		{1A63BA15-20DF-4729-B928-2EA9090F9568}.Debug|Any CPU.Build.0 = Debug|Any CPU
		{1A63BA15-20DF-4729-B928-2EA9090F9568}.Release|Any CPU.ActiveCfg = Release|Any CPU
		{1A63BA15-20DF-4729-B928-2EA9090F9568}.Release|Any CPU.Build.0 = Release|Any CPU
	EndGlobalSection
	GlobalSection(SolutionProperties) = preSolution
		HideSolutionNode = FALSE
	EndGlobalSection
	GlobalSection(ExtensibilityGlobals) = postSolution
		SolutionGuid = {3D6F9162-1E68-4B49-97E8-BE8928E00C3A}
	EndGlobalSection
EndGlobal
